
Microsoft Visual Studio Solution File, Format Version 12.00
# Visual Studio 14
VisualStudioVersion = 14.0.23107.0
MinimumVisualStudioVersion = 10.0.40219.1
Project("{FAE04EC0-301F-11D3-BF4B-00C04F79EFBC}") = "MagicMITM", "MagicMITM\MagicMITM.csproj", "{7030B8AD-0B02-4331-8FA1-C8B121076D3D}"
EndProject
Project("{FAE04EC0-301F-11D3-BF4B-00C04F79EFBC}") = "Debuging", "Debuging\Debuging.csproj", "{960A72F7-9989-460E-B564-1C8F4B8F4F74}"
EndProject
Global
	GlobalSection(SolutionConfigurationPlatforms) = preSolution
		Debug|Any CPU = Debug|Any CPU
		Release|Any CPU = Release|Any CPU
	EndGlobalSection
	GlobalSection(ProjectConfigurationPlatforms) = postSolution
		{7030B8AD-0B02-4331-8FA1-C8B121076D3D}.Debug|Any CPU.ActiveCfg = Debug|Any CPU
		{7030B8AD-0B02-4331-8FA1-C8B121076D3D}.Debug|Any CPU.Build.0 = Debug|Any CPU
		{7030B8AD-0B02-4331-8FA1-C8B121076D3D}.Release|Any CPU.ActiveCfg = Release|Any CPU
		{7030B8AD-0B02-4331-8FA1-C8B121076D3D}.Release|Any CPU.Build.0 = Release|Any CPU
		{960A72F7-9989-460E-B564-1C8F4B8F4F74}.Debug|Any CPU.ActiveCfg = Debug|Any CPU
		{960A72F7-9989-460E-B564-1C8F4B8F4F74}.Debug|Any CPU.Build.0 = Debug|Any CPU
		{960A72F7-9989-460E-B564-1C8F4B8F4F74}.Release|Any CPU.ActiveCfg = Release|Any CPU
		{960A72F7-9989-460E-B564-1C8F4B8F4F74}.Release|Any CPU.Build.0 = Release|Any CPU
	EndGlobalSection
	GlobalSection(SolutionProperties) = preSolution
		HideSolutionNode = FALSE
	EndGlobalSection
EndGlobal
